
Microsoft Visual Studio Solution File, Format Version 12.00
# Visual Studio Version 17
VisualStudioVersion = 17.8.34316.72
MinimumVisualStudioVersion = 10.0.40219.1
Project("{FAE04EC0-301F-11D3-BF4B-00C04F79EFBC}") = "Taller1", "Taller1\Taller1.csproj", "{E37029E2-D855-422B-9815-47759E2F0850}"
EndProject
Global
	GlobalSection(SolutionConfigurationPlatforms) = preSolution
		Debug|Any CPU = Debug|Any CPU
		Release|Any CPU = Release|Any CPU
	EndGlobalSection
	GlobalSection(ProjectConfigurationPlatforms) = postSolution
		{E37029E2-D855-422B-9815-47759E2F0850}.Debug|Any CPU.ActiveCfg = Debug|Any CPU
		{E37029E2-D855-422B-9815-47759E2F0850}.Debug|Any CPU.Build.0 = Debug|Any CPU
		{E37029E2-D855-422B-9815-47759E2F0850}.Release|Any CPU.ActiveCfg = Release|Any CPU
		{E37029E2-D855-422B-9815-47759E2F0850}.Release|Any CPU.Build.0 = Release|Any CPU
	EndGlobalSection
	GlobalSection(SolutionProperties) = preSolution
		HideSolutionNode = FALSE
	EndGlobalSection
	GlobalSection(ExtensibilityGlobals) = postSolution
		SolutionGuid = {91F89E01-7E76-4337-99E3-F5231B1A3D4E}
	EndGlobalSection
EndGlobal
